
Microsoft Visual Studio Solution File, Format Version 12.00
# Visual Studio Version 16
VisualStudioVersion = 16.0.31205.134
MinimumVisualStudioVersion = 10.0.40219.1
Project("{FAE04EC0-301F-11D3-BF4B-00C04F79EFBC}") = "School-Stage-0", "School-Stage-0\School-Stage-0.csproj", "{112B23D4-6649-4658-9639-55ED60B452F3}"
EndProject
Global
	GlobalSection(SolutionConfigurationPlatforms) = preSolution
		Debug|Any CPU = Debug|Any CPU
		Release|Any CPU = Release|Any CPU
	EndGlobalSection
	GlobalSection(ProjectConfigurationPlatforms) = postSolution
		{112B23D4-6649-4658-9639-55ED60B452F3}.Debug|Any CPU.ActiveCfg = Debug|Any CPU
		{112B23D4-6649-4658-9639-55ED60B452F3}.Debug|Any CPU.Build.0 = Debug|Any CPU
		{112B23D4-6649-4658-9639-55ED60B452F3}.Release|Any CPU.ActiveCfg = Release|Any CPU
		{112B23D4-6649-4658-9639-55ED60B452F3}.Release|Any CPU.Build.0 = Release|Any CPU
	EndGlobalSection
	GlobalSection(SolutionProperties) = preSolution
		HideSolutionNode = FALSE
	EndGlobalSection
	GlobalSection(ExtensibilityGlobals) = postSolution
		SolutionGuid = {AAC29E43-F7F9-4EB2-8D68-BE4EF1DAD179}
	EndGlobalSection
EndGlobal
